
Microsoft Visual Studio Solution File, Format Version 12.00
# Visual Studio Version 17
VisualStudioVersion = 17.12.35707.178 d17.12
MinimumVisualStudioVersion = 10.0.40219.1
Project("{FAE04EC0-301F-11D3-BF4B-00C04F79EFBC}") = "Main Methods Assignment 2", "Main Methods Assignment 2.csproj", "{6F6B4AFB-3E87-4A0A-8222-691FCF9AF83D}"
EndProject
Global
	GlobalSection(SolutionConfigurationPlatforms) = preSolution
		Debug|Any CPU = Debug|Any CPU
		Release|Any CPU = Release|Any CPU
	EndGlobalSection
	GlobalSection(ProjectConfigurationPlatforms) = postSolution
		{6F6B4AFB-3E87-4A0A-8222-691FCF9AF83D}.Debug|Any CPU.ActiveCfg = Debug|Any CPU
		{6F6B4AFB-3E87-4A0A-8222-691FCF9AF83D}.Debug|Any CPU.Build.0 = Debug|Any CPU
		{6F6B4AFB-3E87-4A0A-8222-691FCF9AF83D}.Release|Any CPU.ActiveCfg = Release|Any CPU
		{6F6B4AFB-3E87-4A0A-8222-691FCF9AF83D}.Release|Any CPU.Build.0 = Release|Any CPU
	EndGlobalSection
	GlobalSection(SolutionProperties) = preSolution
		HideSolutionNode = FALSE
	EndGlobalSection
EndGlobal
